
Microsoft Visual Studio Solution File, Format Version 12.00
# Visual Studio 2012
Project("{FAE04EC0-301F-11D3-BF4B-00C04F79EFBC}") = "Nobul Todo", "Nobul Todo\Nobul Todo.csproj", "{F200D017-95CE-4D07-B336-137087CDA5D2}"
EndProject
Global
	GlobalSection(SolutionConfigurationPlatforms) = preSolution
		Debug|Any CPU = Debug|Any CPU
		Release|Any CPU = Release|Any CPU
	EndGlobalSection
	GlobalSection(ProjectConfigurationPlatforms) = postSolution
		{F200D017-95CE-4D07-B336-137087CDA5D2}.Debug|Any CPU.ActiveCfg = Debug|Any CPU
		{F200D017-95CE-4D07-B336-137087CDA5D2}.Debug|Any CPU.Build.0 = Debug|Any CPU
		{F200D017-95CE-4D07-B336-137087CDA5D2}.Release|Any CPU.ActiveCfg = Release|Any CPU
		{F200D017-95CE-4D07-B336-137087CDA5D2}.Release|Any CPU.Build.0 = Release|Any CPU
	EndGlobalSection
	GlobalSection(SolutionProperties) = preSolution
		HideSolutionNode = FALSE
	EndGlobalSection
EndGlobal
